
Microsoft Visual Studio Solution File, Format Version 12.00
# Visual Studio 15
VisualStudioVersion = 15.0.28307.539
MinimumVisualStudioVersion = 10.0.40219.1
Project("{FAE04EC0-301F-11D3-BF4B-00C04F79EFBC}") = "Image-Cropper", "Image-Cropper\Image-Cropper.csproj", "{58DB0ED5-5B3D-432C-B090-56B597D70A75}"
EndProject
Global
	GlobalSection(SolutionConfigurationPlatforms) = preSolution
		Debug|Any CPU = Debug|Any CPU
		Release|Any CPU = Release|Any CPU
	EndGlobalSection
	GlobalSection(ProjectConfigurationPlatforms) = postSolution
		{58DB0ED5-5B3D-432C-B090-56B597D70A75}.Debug|Any CPU.ActiveCfg = Debug|Any CPU
		{58DB0ED5-5B3D-432C-B090-56B597D70A75}.Debug|Any CPU.Build.0 = Debug|Any CPU
		{58DB0ED5-5B3D-432C-B090-56B597D70A75}.Release|Any CPU.ActiveCfg = Release|Any CPU
		{58DB0ED5-5B3D-432C-B090-56B597D70A75}.Release|Any CPU.Build.0 = Release|Any CPU
	EndGlobalSection
	GlobalSection(SolutionProperties) = preSolution
		HideSolutionNode = FALSE
	EndGlobalSection
	GlobalSection(ExtensibilityGlobals) = postSolution
		SolutionGuid = {3633E89D-5E1E-42AF-8BA9-239CAACE936E}
	EndGlobalSection
EndGlobal
